
Microsoft Visual Studio Solution File, Format Version 12.00
# Visual Studio Version 16
VisualStudioVersion = 16.0.30709.64
MinimumVisualStudioVersion = 10.0.40219.1
Project("{FAE04EC0-301F-11D3-BF4B-00C04F79EFBC}") = "Smart.Framework.Core", "Smart.Framework.Core\Smart.Framework.Core.csproj", "{94B1D0C7-5879-455A-81C2-4E88F9190FCF}"
EndProject
Project("{FAE04EC0-301F-11D3-BF4B-00C04F79EFBC}") = "Smart.Framework.Formats", "Smart.Framework.Formats\Smart.Framework.Formats.csproj", "{28DD4612-2C2D-41F8-85DE-96E59C24AD44}"
EndProject
Project("{FAE04EC0-301F-11D3-BF4B-00C04F79EFBC}") = "Smart.Framework.Containers", "Smart.Framework.Containers\Smart.Framework.Containers.csproj", "{D7EE5A49-3DB6-4BFC-A48D-09C75DED20A2}"
EndProject
Global
	GlobalSection(SolutionConfigurationPlatforms) = preSolution
		Debug|Any CPU = Debug|Any CPU
		Release|Any CPU = Release|Any CPU
	EndGlobalSection
	GlobalSection(ProjectConfigurationPlatforms) = postSolution
		{94B1D0C7-5879-455A-81C2-4E88F9190FCF}.Debug|Any CPU.ActiveCfg = Debug|Any CPU
		{94B1D0C7-5879-455A-81C2-4E88F9190FCF}.Debug|Any CPU.Build.0 = Debug|Any CPU
		{94B1D0C7-5879-455A-81C2-4E88F9190FCF}.Release|Any CPU.ActiveCfg = Release|Any CPU
		{94B1D0C7-5879-455A-81C2-4E88F9190FCF}.Release|Any CPU.Build.0 = Release|Any CPU
		{28DD4612-2C2D-41F8-85DE-96E59C24AD44}.Debug|Any CPU.ActiveCfg = Debug|Any CPU
		{28DD4612-2C2D-41F8-85DE-96E59C24AD44}.Debug|Any CPU.Build.0 = Debug|Any CPU
		{28DD4612-2C2D-41F8-85DE-96E59C24AD44}.Release|Any CPU.ActiveCfg = Release|Any CPU
		{28DD4612-2C2D-41F8-85DE-96E59C24AD44}.Release|Any CPU.Build.0 = Release|Any CPU
		{D7EE5A49-3DB6-4BFC-A48D-09C75DED20A2}.Debug|Any CPU.ActiveCfg = Debug|Any CPU
		{D7EE5A49-3DB6-4BFC-A48D-09C75DED20A2}.Debug|Any CPU.Build.0 = Debug|Any CPU
		{D7EE5A49-3DB6-4BFC-A48D-09C75DED20A2}.Release|Any CPU.ActiveCfg = Release|Any CPU
		{D7EE5A49-3DB6-4BFC-A48D-09C75DED20A2}.Release|Any CPU.Build.0 = Release|Any CPU
	EndGlobalSection
	GlobalSection(SolutionProperties) = preSolution
		HideSolutionNode = FALSE
	EndGlobalSection
	GlobalSection(ExtensibilityGlobals) = postSolution
		SolutionGuid = {C2266715-0185-424C-9355-FB03CB66B1E1}
	EndGlobalSection
EndGlobal
